
Microsoft Visual Studio Solution File, Format Version 12.00
# Visual Studio Version 16
VisualStudioVersion = 16.0.31205.134
MinimumVisualStudioVersion = 10.0.40219.1
Project("{FAE04EC0-301F-11D3-BF4B-00C04F79EFBC}") = "CSharpAutomation", "CSharpAutomation.csproj", "{0ADEB035-6909-4647-8F4A-6892CE021813}"
EndProject
Global
	GlobalSection(SolutionConfigurationPlatforms) = preSolution
		Debug|Any CPU = Debug|Any CPU
		Release|Any CPU = Release|Any CPU
	EndGlobalSection
	GlobalSection(ProjectConfigurationPlatforms) = postSolution
		{0ADEB035-6909-4647-8F4A-6892CE021813}.Debug|Any CPU.ActiveCfg = Debug|Any CPU
		{0ADEB035-6909-4647-8F4A-6892CE021813}.Debug|Any CPU.Build.0 = Debug|Any CPU
		{0ADEB035-6909-4647-8F4A-6892CE021813}.Release|Any CPU.ActiveCfg = Release|Any CPU
		{0ADEB035-6909-4647-8F4A-6892CE021813}.Release|Any CPU.Build.0 = Release|Any CPU
	EndGlobalSection
	GlobalSection(SolutionProperties) = preSolution
		HideSolutionNode = FALSE
	EndGlobalSection
	GlobalSection(ExtensibilityGlobals) = postSolution
		SolutionGuid = {410802FA-9F02-4B2D-9E7C-14C387023010}
	EndGlobalSection
EndGlobal
